// !$*UTF8*$!
{
	archiveVersion = 1;
	classes = {
	};
	objectVersion = 46;
	objects = {

/* Begin PBXBuildFile section */
		02583A731C0BF6C700649671 /* main.m in Sources */ = {isa = PBXBuildFile; fileRef = 02583A721C0BF6C700649671 /* main.m */; };
		02583A761C0BF6C700649671 /* AppDelegate.m in Sources */ = {isa = PBXBuildFile; fileRef = 02583A751C0BF6C700649671 /* AppDelegate.m */; };
		02583A791C0BF6C700649671 /* ViewController.m in Sources */ = {isa = PBXBuildFile; fileRef = 02583A781C0BF6C700649671 /* ViewController.m */; };
		02583A7C1C0BF6C700649671 /* Main.storyboard in Resources */ = {isa = PBXBuildFile; fileRef = 02583A7A1C0BF6C700649671 /* Main.storyboard */; };
		02583A7E1C0BF6C700649671 /* Assets.xcassets in Resources */ = {isa = PBXBuildFile; fileRef = 02583A7D1C0BF6C700649671 /* Assets.xcassets */; };
		02583A811C0BF6C700649671 /* LaunchScreen.storyboard in Resources */ = {isa = PBXBuildFile; fileRef = 02583A7F1C0BF6C700649671 /* LaunchScreen.storyboard */; };
		02583A8C1C0BF6C700649671 /* SingleViewSampleTests.m in Sources */ = {isa = PBXBuildFile; fileRef = 02583A8B1C0BF6C700649671 /* SingleViewSampleTests.m */; };
		02583A971C0BF6C700649671 /* SingleViewSampleUITests.m in Sources */ = {isa = PBXBuildFile; fileRef = 02583A961C0BF6C700649671 /* SingleViewSampleUITests.m */; };
		02583AB51C0BFDBB00649671 /* videoplayer_expand@1x.png in Resources */ = {isa = PBXBuildFile; fileRef = 02583AA71C0BFDBA00649671 /* videoplayer_expand@1x.png */; };
		02583AB61C0BFDBB00649671 /* videoplayer_expand@2x.png in Resources */ = {isa = PBXBuildFile; fileRef = 02583AA81C0BFDBA00649671 /* videoplayer_expand@2x.png */; };
		02583AB71C0BFDBB00649671 /* videoplayer_expand@3x.png in Resources */ = {isa = PBXBuildFile; fileRef = 02583AA91C0BFDBB00649671 /* videoplayer_expand@3x.png */; };
		02583AB81C0BFDBB00649671 /* videoplayer_pause@1x.png in Resources */ = {isa = PBXBuildFile; fileRef = 02583AAA1C0BFDBB00649671 /* videoplayer_pause@1x.png */; };
		02583AB91C0BFDBB00649671 /* videoplayer_pause@2x.png in Resources */ = {isa = PBXBuildFile; fileRef = 02583AAB1C0BFDBB00649671 /* videoplayer_pause@2x.png */; };
		02583ABA1C0BFDBB00649671 /* videoplayer_pause@3x.png in Resources */ = {isa = PBXBuildFile; fileRef = 02583AAC1C0BFDBB00649671 /* videoplayer_pause@3x.png */; };
		02583ABB1C0BFDBB00649671 /* videoplayer_play@1x.png in Resources */ = {isa = PBXBuildFile; fileRef = 02583AAD1C0BFDBB00649671 /* videoplayer_play@1x.png */; };
		02583ABC1C0BFDBB00649671 /* videoplayer_play@2x.png in Resources */ = {isa = PBXBuildFile; fileRef = 02583AAE1C0BFDBB00649671 /* videoplayer_play@2x.png */; };
		02583ABD1C0BFDBB00649671 /* videoplayer_play@3x.png in Resources */ = {isa = PBXBuildFile; fileRef = 02583AAF1C0BFDBB00649671 /* videoplayer_play@3x.png */; };
		02583ABE1C0BFDBB00649671 /* videoplayer_shrink@1x.png in Resources */ = {isa = PBXBuildFile; fileRef = 02583AB01C0BFDBB00649671 /* videoplayer_shrink@1x.png */; };
		02583ABF1C0BFDBB00649671 /* videoplayer_shrink@2x.png in Resources */ = {isa = PBXBuildFile; fileRef = 02583AB11C0BFDBB00649671 /* videoplayer_shrink@2x.png */; };
		02583AC01C0BFDBB00649671 /* videoplayer_shrink@3x.png in Resources */ = {isa = PBXBuildFile; fileRef = 02583AB21C0BFDBB00649671 /* videoplayer_shrink@3x.png */; };
		02583AC11C0BFDBB00649671 /* DZVideoPlayerViewController_simple.xib in Resources */ = {isa = PBXBuildFile; fileRef = 02583AB31C0BFDBB00649671 /* DZVideoPlayerViewController_simple.xib */; };
		02583AC21C0BFDBB00649671 /* DZVideoPlayerViewController.xib in Resources */ = {isa = PBXBuildFile; fileRef = 02583AB41C0BFDBB00649671 /* DZVideoPlayerViewController.xib */; };
		02583AD11C0BFDC900649671 /* DZPlayerButton.m in Sources */ = {isa = PBXBuildFile; fileRef = 02583ACB1C0BFDC900649671 /* DZPlayerButton.m */; };
		02583AD21C0BFDC900649671 /* DZPlayerView.m in Sources */ = {isa = PBXBuildFile; fileRef = 02583ACC1C0BFDC900649671 /* DZPlayerView.m */; };
		02583AD31C0BFDC900649671 /* DZProgressIndicatorSlider.m in Sources */ = {isa = PBXBuildFile; fileRef = 02583ACD1C0BFDC900649671 /* DZProgressIndicatorSlider.m */; };
		02583AD41C0BFDC900649671 /* DZVideoPlayerViewController.m in Sources */ = {isa = PBXBuildFile; fileRef = 02583ACE1C0BFDC900649671 /* DZVideoPlayerViewController.m */; };
		02583AD51C0BFDC900649671 /* DZVideoPlayerViewControllerConfiguration.m in Sources */ = {isa = PBXBuildFile; fileRef = 02583ACF1C0BFDC900649671 /* DZVideoPlayerViewControllerConfiguration.m */; };
		02583AD61C0BFDC900649671 /* DZVideoPlayerViewControllerContainerView.m in Sources */ = {isa = PBXBuildFile; fileRef = 02583AD01C0BFDC900649671 /* DZVideoPlayerViewControllerContainerView.m */; };
/* End PBXBuildFile section */

/* Begin PBXContainerItemProxy section */
		02583A881C0BF6C700649671 /* PBXContainerItemProxy */ = {
			isa = PBXContainerItemProxy;
			containerPortal = 02583A661C0BF6C700649671 /* Project object */;
			proxyType = 1;
			remoteGlobalIDString = 02583A6D1C0BF6C700649671;
			remoteInfo = SingleViewSample;
		};
		02583A931C0BF6C700649671 /* PBXContainerItemProxy */ = {
			isa = PBXContainerItemProxy;
			containerPortal = 02583A661C0BF6C700649671 /* Project object */;
			proxyType = 1;
			remoteGlobalIDString = 02583A6D1C0BF6C700649671;
			remoteInfo = SingleViewSample;
		};
/* End PBXContainerItemProxy section */

/* Begin PBXFileReference section */
		02583A6E1C0BF6C700649671 /* SingleViewSample.app */ = {isa = PBXFileReference; explicitFileType = wrapper.application; includeInIndex = 0; path = SingleViewSample.app; sourceTree = BUILT_PRODUCTS_DIR; };
		02583A721C0BF6C700649671 /* main.m */ = {isa = PBXFileReference; lastKnownFileType = sourcecode.c.objc; path = main.m; sourceTree = "<group>"; };
		02583A741C0BF6C700649671 /* AppDelegate.h */ = {isa = PBXFileReference; lastKnownFileType = sourcecode.c.h; path = AppDelegate.h; sourceTree = "<group>"; };
		02583A751C0BF6C700649671 /* AppDelegate.m */ = {isa = PBXFileReference; lastKnownFileType = sourcecode.c.objc; path = AppDelegate.m; sourceTree = "<group>"; };
		02583A771C0BF6C700649671 /* ViewController.h */ = {isa = PBXFileReference; lastKnownFileType = sourcecode.c.h; path = ViewController.h; sourceTree = "<group>"; };
		02583A781C0BF6C700649671 /* ViewController.m */ = {isa = PBXFileReference; lastKnownFileType = sourcecode.c.objc; path = ViewController.m; sourceTree = "<group>"; };
		02583A7B1C0BF6C700649671 /* Base */ = {isa = PBXFileReference; lastKnownFileType = file.storyboard; name = Base; path = Base.lproj/Main.storyboard; sourceTree = "<group>"; };
		02583A7D1C0BF6C700649671 /* Assets.xcassets */ = {isa = PBXFileReference; lastKnownFileType = folder.assetcatalog; path = Assets.xcassets; sourceTree = "<group>"; };
		02583A801C0BF6C700649671 /* Base */ = {isa = PBXFileReference; lastKnownFileType = file.storyboard; name = Base; path = Base.lproj/LaunchScreen.storyboard; sourceTree = "<group>"; };
		02583A821C0BF6C700649671 /* Info.plist */ = {isa = PBXFileReference; lastKnownFileType = text.plist.xml; path = Info.plist; sourceTree = "<group>"; };
		02583A871C0BF6C700649671 /* SingleViewSampleTests.xctest */ = {isa = PBXFileReference; explicitFileType = wrapper.cfbundle; includeInIndex = 0; path = SingleViewSampleTests.xctest; sourceTree = BUILT_PRODUCTS_DIR; };
		02583A8B1C0BF6C700649671 /* SingleViewSampleTests.m */ = {isa = PBXFileReference; lastKnownFileType = sourcecode.c.objc; path = SingleViewSampleTests.m; sourceTree = "<group>"; };
		02583A8D1C0BF6C700649671 /* Info.plist */ = {isa = PBXFileReference; lastKnownFileType = text.plist.xml; path = Info.plist; sourceTree = "<group>"; };
		02583A921C0BF6C700649671 /* SingleViewSampleUITests.xctest */ = {isa = PBXFileReference; explicitFileType = wrapper.cfbundle; includeInIndex = 0; path = SingleViewSampleUITests.xctest; sourceTree = BUILT_PRODUCTS_DIR; };
		02583A961C0BF6C700649671 /* SingleViewSampleUITests.m */ = {isa = PBXFileReference; lastKnownFileType = sourcecode.c.objc; path = SingleViewSampleUITests.m; sourceTree = "<group>"; };
		02583A981C0BF6C700649671 /* Info.plist */ = {isa = PBXFileReference; lastKnownFileType = text.plist.xml; path = Info.plist; sourceTree = "<group>"; };
		02583AA71C0BFDBA00649671 /* videoplayer_expand@1x.png */ = {isa = PBXFileReference; lastKnownFileType = image.png; name = "videoplayer_expand@1x.png"; path = "PlaybackKit/Assets/videoplayer_expand@1x.png"; sourceTree = "<group>"; };
		02583AA81C0BFDBA00649671 /* videoplayer_expand@2x.png */ = {isa = PBXFileReference; lastKnownFileType = image.png; name = "videoplayer_expand@2x.png"; path = "PlaybackKit/Assets/videoplayer_expand@2x.png"; sourceTree = "<group>"; };
		02583AA91C0BFDBB00649671 /* videoplayer_expand@3x.png */ = {isa = PBXFileReference; lastKnownFileType = image.png; name = "videoplayer_expand@3x.png"; path = "PlaybackKit/Assets/videoplayer_expand@3x.png"; sourceTree = "<group>"; };
		02583AAA1C0BFDBB00649671 /* videoplayer_pause@1x.png */ = {isa = PBXFileReference; lastKnownFileType = image.png; name = "videoplayer_pause@1x.png"; path = "PlaybackKit/Assets/videoplayer_pause@1x.png"; sourceTree = "<group>"; };
		02583AAB1C0BFDBB00649671 /* videoplayer_pause@2x.png */ = {isa = PBXFileReference; lastKnownFileType = image.png; name = "videoplayer_pause@2x.png"; path = "PlaybackKit/Assets/videoplayer_pause@2x.png"; sourceTree = "<group>"; };
		02583AAC1C0BFDBB00649671 /* videoplayer_pause@3x.png */ = {isa = PBXFileReference; lastKnownFileType = image.png; name = "videoplayer_pause@3x.png"; path = "PlaybackKit/Assets/videoplayer_pause@3x.png"; sourceTree = "<group>"; };
		02583AAD1C0BFDBB00649671 /* videoplayer_play@1x.png */ = {isa = PBXFileReference; lastKnownFileType = image.png; name = "videoplayer_play@1x.png"; path = "PlaybackKit/Assets/videoplayer_play@1x.png"; sourceTree = "<group>"; };
		02583AAE1C0BFDBB00649671 /* videoplayer_play@2x.png */ = {isa = PBXFileReference; lastKnownFileType = image.png; name = "videoplayer_play@2x.png"; path = "PlaybackKit/Assets/videoplayer_play@2x.png"; sourceTree = "<group>"; };
		02583AAF1C0BFDBB00649671 /* videoplayer_play@3x.png */ = {isa = PBXFileReference; lastKnownFileType = image.png; name = "videoplayer_play@3x.png"; path = "PlaybackKit/Assets/videoplayer_play@3x.png"; sourceTree = "<group>"; };
		02583AB01C0BFDBB00649671 /* videoplayer_shrink@1x.png */ = {isa = PBXFileReference; lastKnownFileType = image.png; name = "videoplayer_shrink@1x.png"; path = "PlaybackKit/Assets/videoplayer_shrink@1x.png"; sourceTree = "<group>"; };
		02583AB11C0BFDBB00649671 /* videoplayer_shrink@2x.png */ = {isa = PBXFileReference; lastKnownFileType = image.png; name = "videoplayer_shrink@2x.png"; path = "PlaybackKit/Assets/videoplayer_shrink@2x.png"; sourceTree = "<group>"; };
		02583AB21C0BFDBB00649671 /* videoplayer_shrink@3x.png */ = {isa = PBXFileReference; lastKnownFileType = image.png; name = "videoplayer_shrink@3x.png"; path = "PlaybackKit/Assets/videoplayer_shrink@3x.png"; sourceTree = "<group>"; };
		02583AB31C0BFDBB00649671 /* DZVideoPlayerViewController_simple.xib */ = {isa = PBXFileReference; fileEncoding = 4; lastKnownFileType = file.xib; name = DZVideoPlayerViewController_simple.xib; path = PlaybackKit/Assets/DZVideoPlayerViewController_simple.xib; sourceTree = "<group>"; };
		02583AB41C0BFDBB00649671 /* DZVideoPlayerViewController.xib */ = {isa = PBXFileReference; fileEncoding = 4; lastKnownFileType = file.xib; name = DZVideoPlayerViewController.xib; path = PlaybackKit/Assets/DZVideoPlayerViewController.xib; sourceTree = "<group>"; };
		02583AC31C0BFDC900649671 /* DZPlayerButton.h */ = {isa = PBXFileReference; fileEncoding = 4; lastKnownFileType = sourcecode.c.h; name = DZPlayerButton.h; path = PlaybackKit/src/DZPlayerButton.h; sourceTree = "<group>"; };
		02583AC41C0BFDC900649671 /* DZPlayerView.h */ = {isa = PBXFileReference; fileEncoding = 4; lastKnownFileType = sourcecode.c.h; name = DZPlayerView.h; path = PlaybackKit/src/DZPlayerView.h; sourceTree = "<group>"; };
		02583AC51C0BFDC900649671 /* DZProgressIndicatorSlider.h */ = {isa = PBXFileReference; fileEncoding = 4; lastKnownFileType = sourcecode.c.h; name = DZProgressIndicatorSlider.h; path = PlaybackKit/src/DZProgressIndicatorSlider.h; sourceTree = "<group>"; };
		02583AC61C0BFDC900649671 /* DZVideoPlayerViewController_constants.h */ = {isa = PBXFileReference; fileEncoding = 4; lastKnownFileType = sourcecode.c.h; name = DZVideoPlayerViewController_constants.h; path = PlaybackKit/src/DZVideoPlayerViewController_constants.h; sourceTree = "<group>"; };
		02583AC71C0BFDC900649671 /* DZVideoPlayerViewController.h */ = {isa = PBXFileReference; fileEncoding = 4; lastKnownFileType = sourcecode.c.h; name = DZVideoPlayerViewController.h; path = PlaybackKit/src/DZVideoPlayerViewController.h; sourceTree = "<group>"; };
		02583AC81C0BFDC900649671 /* DZVideoPlayerViewControllerConfiguration.h */ = {isa = PBXFileReference; fileEncoding = 4; lastKnownFileType = sourcecode.c.h; name = DZVideoPlayerViewControllerConfiguration.h; path = PlaybackKit/src/DZVideoPlayerViewControllerConfiguration.h; sourceTree = "<group>"; };
		02583AC91C0BFDC900649671 /* DZVideoPlayerViewControllerContainerView.h */ = {isa = PBXFileReference; fileEncoding = 4; lastKnownFileType = sourcecode.c.h; name = DZVideoPlayerViewControllerContainerView.h; path = PlaybackKit/src/DZVideoPlayerViewControllerContainerView.h; sourceTree = "<group>"; };
		02583ACA1C0BFDC900649671 /* DZVideoPlayerViewControllerDelegate.h */ = {isa = PBXFileReference; fileEncoding = 4; lastKnownFileType = sourcecode.c.h; name = DZVideoPlayerViewControllerDelegate.h; path = PlaybackKit/src/DZVideoPlayerViewControllerDelegate.h; sourceTree = "<group>"; };
		02583ACB1C0BFDC900649671 /* DZPlayerButton.m */ = {isa = PBXFileReference; fileEncoding = 4; lastKnownFileType = sourcecode.c.objc; name = DZPlayerButton.m; path = PlaybackKit/src/DZPlayerButton.m; sourceTree = "<group>"; };
		02583ACC1C0BFDC900649671 /* DZPlayerView.m */ = {isa = PBXFileReference; fileEncoding = 4; lastKnownFileType = sourcecode.c.objc; name = DZPlayerView.m; path = PlaybackKit/src/DZPlayerView.m; sourceTree = "<group>"; };
		02583ACD1C0BFDC900649671 /* DZProgressIndicatorSlider.m */ = {isa = PBXFileReference; fileEncoding = 4; lastKnownFileType = sourcecode.c.objc; name = DZProgressIndicatorSlider.m; path = PlaybackKit/src/DZProgressIndicatorSlider.m; sourceTree = "<group>"; };
		02583ACE1C0BFDC900649671 /* DZVideoPlayerViewController.m */ = {isa = PBXFileReference; fileEncoding = 4; lastKnownFileType = sourcecode.c.objc; name = DZVideoPlayerViewController.m; path = PlaybackKit/src/DZVideoPlayerViewController.m; sourceTree = "<group>"; };
		02583ACF1C0BFDC900649671 /* DZVideoPlayerViewControllerConfiguration.m */ = {isa = PBXFileReference; fileEncoding = 4; lastKnownFileType = sourcecode.c.objc; name = DZVideoPlayerViewControllerConfiguration.m; path = PlaybackKit/src/DZVideoPlayerViewControllerConfiguration.m; sourceTree = "<group>"; };
		02583AD01C0BFDC900649671 /* DZVideoPlayerViewControllerContainerView.m */ = {isa = PBXFileReference; fileEncoding = 4; lastKnownFileType = sourcecode.c.objc; name = DZVideoPlayerViewControllerContainerView.m; path = PlaybackKit/src/DZVideoPlayerViewControllerContainerView.m; sourceTree = "<group>"; };
/* End PBXFileReference section */

/* Begin PBXFrameworksBuildPhase section */
		02583A6B1C0BF6C700649671 /* Frameworks */ = {
			isa = PBXFrameworksBuildPhase;
			buildActionMask = 2147483647;
			files = (
			);
			runOnlyForDeploymentPostprocessing = 0;
		};
		02583A841C0BF6C700649671 /* Frameworks */ = {
			isa = PBXFrameworksBuildPhase;
			buildActionMask = 2147483647;
			files = (
			);
			runOnlyForDeploymentPostprocessing = 0;
		};
		02583A8F1C0BF6C700649671 /* Frameworks */ = {
			isa = PBXFrameworksBuildPhase;
			buildActionMask = 2147483647;
			files = (
			);
			runOnlyForDeploymentPostprocessing = 0;
		};
/* End PBXFrameworksBuildPhase section */

/* Begin PBXGroup section */
		02583A651C0BF6C700649671 = {
			isa = PBXGroup;
			children = (
				02583AA41C0BFC7900649671 /* PlaybackKit */,
				02583A701C0BF6C700649671 /* SingleViewSample */,
				02583A8A1C0BF6C700649671 /* SingleViewSampleTests */,
				02583A951C0BF6C700649671 /* SingleViewSampleUITests */,
				02583A6F1C0BF6C700649671 /* Products */,
			);
			sourceTree = "<group>";
		};
		02583A6F1C0BF6C700649671 /* Products */ = {
			isa = PBXGroup;
			children = (
				02583A6E1C0BF6C700649671 /* SingleViewSample.app */,
				02583A871C0BF6C700649671 /* SingleViewSampleTests.xctest */,
				02583A921C0BF6C700649671 /* SingleViewSampleUITests.xctest */,
			);
			name = Products;
			sourceTree = "<group>";
		};
		02583A701C0BF6C700649671 /* SingleViewSample */ = {
			isa = PBXGroup;
			children = (
				02583A741C0BF6C700649671 /* AppDelegate.h */,
				02583A751C0BF6C700649671 /* AppDelegate.m */,
				02583A771C0BF6C700649671 /* ViewController.h */,
				02583A781C0BF6C700649671 /* ViewController.m */,
				02583A7A1C0BF6C700649671 /* Main.storyboard */,
				02583A7D1C0BF6C700649671 /* Assets.xcassets */,
				02583A7F1C0BF6C700649671 /* LaunchScreen.storyboard */,
				02583A821C0BF6C700649671 /* Info.plist */,
				02583A711C0BF6C700649671 /* Supporting Files */,
			);
			path = SingleViewSample;
			sourceTree = "<group>";
		};
		02583A711C0BF6C700649671 /* Supporting Files */ = {
			isa = PBXGroup;
			children = (
				02583A721C0BF6C700649671 /* main.m */,
			);
			name = "Supporting Files";
			sourceTree = "<group>";
		};
		02583A8A1C0BF6C700649671 /* SingleViewSampleTests */ = {
			isa = PBXGroup;
			children = (
				02583A8B1C0BF6C700649671 /* SingleViewSampleTests.m */,
				02583A8D1C0BF6C700649671 /* Info.plist */,
			);
			path = SingleViewSampleTests;
			sourceTree = "<group>";
		};
		02583A951C0BF6C700649671 /* SingleViewSampleUITests */ = {
			isa = PBXGroup;
			children = (
				02583A961C0BF6C700649671 /* SingleViewSampleUITests.m */,
				02583A981C0BF6C700649671 /* Info.plist */,
			);
			path = SingleViewSampleUITests;
			sourceTree = "<group>";
		};
		02583AA41C0BFC7900649671 /* PlaybackKit */ = {
			isa = PBXGroup;
			children = (
				02583AA61C0BFD9500649671 /* src */,
				02583AA51C0BFD8400649671 /* Assets */,
			);
			name = PlaybackKit;
			sourceTree = "<group>";
		};
		02583AA51C0BFD8400649671 /* Assets */ = {
			isa = PBXGroup;
			children = (
				02583AA71C0BFDBA00649671 /* videoplayer_expand@1x.png */,
				02583AA81C0BFDBA00649671 /* videoplayer_expand@2x.png */,
				02583AA91C0BFDBB00649671 /* videoplayer_expand@3x.png */,
				02583AAA1C0BFDBB00649671 /* videoplayer_pause@1x.png */,
				02583AAB1C0BFDBB00649671 /* videoplayer_pause@2x.png */,
				02583AAC1C0BFDBB00649671 /* videoplayer_pause@3x.png */,
				02583AAD1C0BFDBB00649671 /* videoplayer_play@1x.png */,
				02583AAE1C0BFDBB00649671 /* videoplayer_play@2x.png */,
				02583AAF1C0BFDBB00649671 /* videoplayer_play@3x.png */,
				02583AB01C0BFDBB00649671 /* videoplayer_shrink@1x.png */,
				02583AB11C0BFDBB00649671 /* videoplayer_shrink@2x.png */,
				02583AB21C0BFDBB00649671 /* videoplayer_shrink@3x.png */,
				02583AB31C0BFDBB00649671 /* DZVideoPlayerViewController_simple.xib */,
				02583AB41C0BFDBB00649671 /* DZVideoPlayerViewController.xib */,
			);
			name = Assets;
			sourceTree = "<group>";
		};
		02583AA61C0BFD9500649671 /* src */ = {
			isa = PBXGroup;
			children = (
				02583AC31C0BFDC900649671 /* DZPlayerButton.h */,
				02583AC41C0BFDC900649671 /* DZPlayerView.h */,
				02583AC51C0BFDC900649671 /* DZProgressIndicatorSlider.h */,
				02583AC61C0BFDC900649671 /* DZVideoPlayerViewController_constants.h */,
				02583AC71C0BFDC900649671 /* DZVideoPlayerViewController.h */,
				02583AC81C0BFDC900649671 /* DZVideoPlayerViewControllerConfiguration.h */,
				02583AC91C0BFDC900649671 /* DZVideoPlayerViewControllerContainerView.h */,
				02583ACA1C0BFDC900649671 /* DZVideoPlayerViewControllerDelegate.h */,
				02583ACB1C0BFDC900649671 /* DZPlayerButton.m */,
				02583ACC1C0BFDC900649671 /* DZPlayerView.m */,
				02583ACD1C0BFDC900649671 /* DZProgressIndicatorSlider.m */,
				02583ACE1C0BFDC900649671 /* DZVideoPlayerViewController.m */,
				02583ACF1C0BFDC900649671 /* DZVideoPlayerViewControllerConfiguration.m */,
				02583AD01C0BFDC900649671 /* DZVideoPlayerViewControllerContainerView.m */,
			);
			name = src;
			sourceTree = "<group>";
		};
/* End PBXGroup section */

/* Begin PBXNativeTarget section */
		02583A6D1C0BF6C700649671 /* SingleViewSample */ = {
			isa = PBXNativeTarget;
			buildConfigurationList = 02583A9B1C0BF6C700649671 /* Build configuration list for PBXNativeTarget "SingleViewSample" */;
			buildPhases = (
				02583A6A1C0BF6C700649671 /* Sources */,
				02583A6B1C0BF6C700649671 /* Frameworks */,
				02583A6C1C0BF6C700649671 /* Resources */,
			);
			buildRules = (
			);
			dependencies = (
			);
			name = SingleViewSample;
			productName = SingleViewSample;
			productReference = 02583A6E1C0BF6C700649671 /* SingleViewSample.app */;
			productType = "com.apple.product-type.application";
		};
		02583A861C0BF6C700649671 /* SingleViewSampleTests */ = {
			isa = PBXNativeTarget;
			buildConfigurationList = 02583A9E1C0BF6C700649671 /* Build configuration list for PBXNativeTarget "SingleViewSampleTests" */;
			buildPhases = (
				02583A831C0BF6C700649671 /* Sources */,
				02583A841C0BF6C700649671 /* Frameworks */,
				02583A851C0BF6C700649671 /* Resources */,
			);
			buildRules = (
			);
			dependencies = (
				02583A891C0BF6C700649671 /* PBXTargetDependency */,
			);
			name = SingleViewSampleTests;
			productName = SingleViewSampleTests;
			productReference = 02583A871C0BF6C700649671 /* SingleViewSampleTests.xctest */;
			productType = "com.apple.product-type.bundle.unit-test";
		};
		02583A911C0BF6C700649671 /* SingleViewSampleUITests */ = {
			isa = PBXNativeTarget;
			buildConfigurationList = 02583AA11C0BF6C700649671 /* Build configuration list for PBXNativeTarget "SingleViewSampleUITests" */;
			buildPhases = (
				02583A8E1C0BF6C700649671 /* Sources */,
				02583A8F1C0BF6C700649671 /* Frameworks */,
				02583A901C0BF6C700649671 /* Resources */,
			);
			buildRules = (
			);
			dependencies = (
				02583A941C0BF6C700649671 /* PBXTargetDependency */,
			);
			name = SingleViewSampleUITests;
			productName = SingleViewSampleUITests;
			productReference = 02583A921C0BF6C700649671 /* SingleViewSampleUITests.xctest */;
			productType = "com.apple.product-type.bundle.ui-testing";
		};
/* End PBXNativeTarget section */

/* Begin PBXProject section */
		02583A661C0BF6C700649671 /* Project object */ = {
			isa = PBXProject;
			attributes = {
				LastUpgradeCheck = 0710;
				ORGANIZATIONNAME = Baidu;
				TargetAttributes = {
					02583A6D1C0BF6C700649671 = {
						CreatedOnToolsVersion = 7.1.1;
					};
					02583A861C0BF6C700649671 = {
						CreatedOnToolsVersion = 7.1.1;
						TestTargetID = 02583A6D1C0BF6C700649671;
					};
					02583A911C0BF6C700649671 = {
						CreatedOnToolsVersion = 7.1.1;
						TestTargetID = 02583A6D1C0BF6C700649671;
					};
				};
			};
			buildConfigurationList = 02583A691C0BF6C700649671 /* Build configuration list for PBXProject "SingleViewSample" */;
			compatibilityVersion = "Xcode 3.2";
			developmentRegion = English;
			hasScannedForEncodings = 0;
			knownRegions = (
				en,
				Base,
			);
			mainGroup = 02583A651C0BF6C700649671;
			productRefGroup = 02583A6F1C0BF6C700649671 /* Products */;
			projectDirPath = "";
			projectRoot = "";
			targets = (
				02583A6D1C0BF6C700649671 /* SingleViewSample */,
				02583A861C0BF6C700649671 /* SingleViewSampleTests */,
				02583A911C0BF6C700649671 /* SingleViewSampleUITests */,
			);
		};
/* End PBXProject section */

/* Begin PBXResourcesBuildPhase section */
		02583A6C1C0BF6C700649671 /* Resources */ = {
			isa = PBXResourcesBuildPhase;
			buildActionMask = 2147483647;
			files = (
				02583AC21C0BFDBB00649671 /* DZVideoPlayerViewController.xib in Resources */,
				02583ABC1C0BFDBB00649671 /* videoplayer_play@2x.png in Resources */,
				02583AC11C0BFDBB00649671 /* DZVideoPlayerViewController_simple.xib in Resources */,
				02583ABB1C0BFDBB00649671 /* videoplayer_play@1x.png in Resources */,
				02583AB51C0BFDBB00649671 /* videoplayer_expand@1x.png in Resources */,
				02583AB61C0BFDBB00649671 /* videoplayer_expand@2x.png in Resources */,
				02583AB71C0BFDBB00649671 /* videoplayer_expand@3x.png in Resources */,
				02583AB81C0BFDBB00649671 /* videoplayer_pause@1x.png in Resources */,
				02583ABE1C0BFDBB00649671 /* videoplayer_shrink@1x.png in Resources */,
				02583ABD1C0BFDBB00649671 /* videoplayer_play@3x.png in Resources */,
				02583ABF1C0BFDBB00649671 /* videoplayer_shrink@2x.png in Resources */,
				02583A811C0BF6C700649671 /* LaunchScreen.storyboard in Resources */,
				02583AC01C0BFDBB00649671 /* videoplayer_shrink@3x.png in Resources */,
				02583A7E1C0BF6C700649671 /* Assets.xcassets in Resources */,
				02583AB91C0BFDBB00649671 /* videoplayer_pause@2x.png in Resources */,
				02583ABA1C0BFDBB00649671 /* videoplayer_pause@3x.png in Resources */,
				02583A7C1C0BF6C700649671 /* Main.storyboard in Resources */,
			);
			runOnlyForDeploymentPostprocessing = 0;
		};
		02583A851C0BF6C700649671 /* Resources */ = {
			isa = PBXResourcesBuildPhase;
			buildActionMask = 2147483647;
			files = (
			);
			runOnlyForDeploymentPostprocessing = 0;
		};
		02583A901C0BF6C700649671 /* Resources */ = {
			isa = PBXResourcesBuildPhase;
			buildActionMask = 2147483647;
			files = (
			);
			runOnlyForDeploymentPostprocessing = 0;
		};
/* End PBXResourcesBuildPhase section */

/* Begin PBXSourcesBuildPhase section */
		02583A6A1C0BF6C700649671 /* Sources */ = {
			isa = PBXSourcesBuildPhase;
			buildActionMask = 2147483647;
			files = (
				02583A791C0BF6C700649671 /* ViewController.m in Sources */,
				02583AD61C0BFDC900649671 /* DZVideoPlayerViewControllerContainerView.m in Sources */,
				02583A761C0BF6C700649671 /* AppDelegate.m in Sources */,
				02583AD21C0BFDC900649671 /* DZPlayerView.m in Sources */,
				02583AD31C0BFDC900649671 /* DZProgressIndicatorSlider.m in Sources */,
				02583AD11C0BFDC900649671 /* DZPlayerButton.m in Sources */,
				02583A731C0BF6C700649671 /* main.m in Sources */,
				02583AD51C0BFDC900649671 /* DZVideoPlayerViewControllerConfiguration.m in Sources */,
				02583AD41C0BFDC900649671 /* DZVideoPlayerViewController.m in Sources */,
			);
			runOnlyForDeploymentPostprocessing = 0;
		};
		02583A831C0BF6C700649671 /* Sources */ = {
			isa = PBXSourcesBuildPhase;
			buildActionMask = 2147483647;
			files = (
				02583A8C1C0BF6C700649671 /* SingleViewSampleTests.m in Sources */,
			);
			runOnlyForDeploymentPostprocessing = 0;
		};
		02583A8E1C0BF6C700649671 /* Sources */ = {
			isa = PBXSourcesBuildPhase;
			buildActionMask = 2147483647;
			files = (
				02583A971C0BF6C700649671 /* SingleViewSampleUITests.m in Sources */,
			);
			runOnlyForDeploymentPostprocessing = 0;
		};
/* End PBXSourcesBuildPhase section */

/* Begin PBXTargetDependency section */
		02583A891C0BF6C700649671 /* PBXTargetDependency */ = {
			isa = PBXTargetDependency;
			target = 02583A6D1C0BF6C700649671 /* SingleViewSample */;
			targetProxy = 02583A881C0BF6C700649671 /* PBXContainerItemProxy */;
		};
		02583A941C0BF6C700649671 /* PBXTargetDependency */ = {
			isa = PBXTargetDependency;
			target = 02583A6D1C0BF6C700649671 /* SingleViewSample */;
			targetProxy = 02583A931C0BF6C700649671 /* PBXContainerItemProxy */;
		};
/* End PBXTargetDependency section */

/* Begin PBXVariantGroup section */
		02583A7A1C0BF6C700649671 /* Main.storyboard */ = {
			isa = PBXVariantGroup;
			children = (
				02583A7B1C0BF6C700649671 /* Base */,
			);
			name = Main.storyboard;
			sourceTree = "<group>";
		};
		02583A7F1C0BF6C700649671 /* LaunchScreen.storyboard */ = {
			isa = PBXVariantGroup;
			children = (
				02583A801C0BF6C700649671 /* Base */,
			);
			name = LaunchScreen.storyboard;
			sourceTree = "<group>";
		};
/* End PBXVariantGroup section */

/* Begin XCBuildConfiguration section */
		02583A991C0BF6C700649671 /* Debug */ = {
			isa = XCBuildConfiguration;
			buildSettings = {
				ALWAYS_SEARCH_USER_PATHS = NO;
				CLANG_CXX_LANGUAGE_STANDARD = "gnu++0x";
				CLANG_CXX_LIBRARY = "libc++";
				CLANG_ENABLE_MODULES = YES;
				CLANG_ENABLE_OBJC_ARC = YES;
				CLANG_WARN_BOOL_CONVERSION = YES;
				CLANG_WARN_CONSTANT_CONVERSION = YES;
				CLANG_WARN_DIRECT_OBJC_ISA_USAGE = YES_ERROR;
				CLANG_WARN_EMPTY_BODY = YES;
				CLANG_WARN_ENUM_CONVERSION = YES;
				CLANG_WARN_INT_CONVERSION = YES;
				CLANG_WARN_OBJC_ROOT_CLASS = YES_ERROR;
				CLANG_WARN_UNREACHABLE_CODE = YES;
				CLANG_WARN__DUPLICATE_METHOD_MATCH = YES;
				"CODE_SIGN_IDENTITY[sdk=iphoneos*]" = "iPhone Developer";
				COPY_PHASE_STRIP = NO;
				DEBUG_INFORMATION_FORMAT = dwarf;
				ENABLE_STRICT_OBJC_MSGSEND = YES;
				ENABLE_TESTABILITY = YES;
				GCC_C_LANGUAGE_STANDARD = gnu99;
				GCC_DYNAMIC_NO_PIC = NO;
				GCC_NO_COMMON_BLOCKS = YES;
				GCC_OPTIMIZATION_LEVEL = 0;
				GCC_PREPROCESSOR_DEFINITIONS = (
					"DEBUG=1",
					"$(inherited)",
				);
				GCC_WARN_64_TO_32_BIT_CONVERSION = YES;
				GCC_WARN_ABOUT_RETURN_TYPE = YES_ERROR;
				GCC_WARN_UNDECLARED_SELECTOR = YES;
				GCC_WARN_UNINITIALIZED_AUTOS = YES_AGGRESSIVE;
				GCC_WARN_UNUSED_FUNCTION = YES;
				GCC_WARN_UNUSED_VARIABLE = YES;
				IPHONEOS_DEPLOYMENT_TARGET = 9.1;
				MTL_ENABLE_DEBUG_INFO = YES;
				ONLY_ACTIVE_ARCH = YES;
				SDKROOT = iphoneos;
			};
			name = Debug;
		};
		02583A9A1C0BF6C700649671 /* Release */ = {
			isa = XCBuildConfiguration;
			buildSettings = {
				ALWAYS_SEARCH_USER_PATHS = NO;
				CLANG_CXX_LANGUAGE_STANDARD = "gnu++0x";
				CLANG_CXX_LIBRARY = "libc++";
				CLANG_ENABLE_MODULES = YES;
				CLANG_ENABLE_OBJC_ARC = YES;
				CLANG_WARN_BOOL_CONVERSION = YES;
				CLANG_WARN_CONSTANT_CONVERSION = YES;
				CLANG_WARN_DIRECT_OBJC_ISA_USAGE = YES_ERROR;
				CLANG_WARN_EMPTY_BODY = YES;
				CLANG_WARN_ENUM_CONVERSION = YES;
				CLANG_WARN_INT_CONVERSION = YES;
				CLANG_WARN_OBJC_ROOT_CLASS = YES_ERROR;
				CLANG_WARN_UNREACHABLE_CODE = YES;
				CLANG_WARN__DUPLICATE_METHOD_MATCH = YES;
				"CODE_SIGN_IDENTITY[sdk=iphoneos*]" = "iPhone Developer";
				COPY_PHASE_STRIP = NO;
				DEBUG_INFORMATION_FORMAT = "dwarf-with-dsym";
				ENABLE_NS_ASSERTIONS = NO;
				ENABLE_STRICT_OBJC_MSGSEND = YES;
				GCC_C_LANGUAGE_STANDARD = gnu99;
				GCC_NO_COMMON_BLOCKS = YES;
				GCC_WARN_64_TO_32_BIT_CONVERSION = YES;
				GCC_WARN_ABOUT_RETURN_TYPE = YES_ERROR;
				GCC_WARN_UNDECLARED_SELECTOR = YES;
				GCC_WARN_UNINITIALIZED_AUTOS = YES_AGGRESSIVE;
				GCC_WARN_UNUSED_FUNCTION = YES;
				GCC_WARN_UNUSED_VARIABLE = YES;
				IPHONEOS_DEPLOYMENT_TARGET = 9.1;
				MTL_ENABLE_DEBUG_INFO = NO;
				SDKROOT = iphoneos;
				VALIDATE_PRODUCT = YES;
			};
			name = Release;
		};
		02583A9C1C0BF6C700649671 /* Debug */ = {
			isa = XCBuildConfiguration;
			buildSettings = {
				ASSETCATALOG_COMPILER_APPICON_NAME = AppIcon;
				INFOPLIST_FILE = SingleViewSample/Info.plist;
				LD_RUNPATH_SEARCH_PATHS = "$(inherited) @executable_path/Frameworks";
				PRODUCT_BUNDLE_IDENTIFIER = com.baidu.bce.t5player.SingleViewSample;
				PRODUCT_NAME = "$(TARGET_NAME)";
			};
			name = Debug;
		};
		02583A9D1C0BF6C700649671 /* Release */ = {
			isa = XCBuildConfiguration;
			buildSettings = {
				ASSETCATALOG_COMPILER_APPICON_NAME = AppIcon;
				INFOPLIST_FILE = SingleViewSample/Info.plist;
				LD_RUNPATH_SEARCH_PATHS = "$(inherited) @executable_path/Frameworks";
				PRODUCT_BUNDLE_IDENTIFIER = com.baidu.bce.t5player.SingleViewSample;
				PRODUCT_NAME = "$(TARGET_NAME)";
			};
			name = Release;
		};
		02583A9F1C0BF6C700649671 /* Debug */ = {
			isa = XCBuildConfiguration;
			buildSettings = {
				BUNDLE_LOADER = "$(TEST_HOST)";
				INFOPLIST_FILE = SingleViewSampleTests/Info.plist;
				LD_RUNPATH_SEARCH_PATHS = "$(inherited) @executable_path/Frameworks @loader_path/Frameworks";
				PRODUCT_BUNDLE_IDENTIFIER = com.baidu.bce.t5player.SingleViewSampleTests;
				PRODUCT_NAME = "$(TARGET_NAME)";
				TEST_HOST = "$(BUILT_PRODUCTS_DIR)/SingleViewSample.app/SingleViewSample";
			};
			name = Debug;
		};
		02583AA01C0BF6C700649671 /* Release */ = {
			isa = XCBuildConfiguration;
			buildSettings = {
				BUNDLE_LOADER = "$(TEST_HOST)";
				INFOPLIST_FILE = SingleViewSampleTests/Info.plist;
				LD_RUNPATH_SEARCH_PATHS = "$(inherited) @executable_path/Frameworks @loader_path/Frameworks";
				PRODUCT_BUNDLE_IDENTIFIER = com.baidu.bce.t5player.SingleViewSampleTests;
				PRODUCT_NAME = "$(TARGET_NAME)";
				TEST_HOST = "$(BUILT_PRODUCTS_DIR)/SingleViewSample.app/SingleViewSample";
			};
			name = Release;
		};
		02583AA21C0BF6C700649671 /* Debug */ = {
			isa = XCBuildConfiguration;
			buildSettings = {
				INFOPLIST_FILE = SingleViewSampleUITests/Info.plist;
				LD_RUNPATH_SEARCH_PATHS = "$(inherited) @executable_path/Frameworks @loader_path/Frameworks";
				PRODUCT_BUNDLE_IDENTIFIER = com.baidu.bce.t5player.SingleViewSampleUITests;
				PRODUCT_NAME = "$(TARGET_NAME)";
				TEST_TARGET_NAME = SingleViewSample;
				USES_XCTRUNNER = YES;
			};
			name = Debug;
		};
		02583AA31C0BF6C700649671 /* Release */ = {
			isa = XCBuildConfiguration;
			buildSettings = {
				INFOPLIST_FILE = SingleViewSampleUITests/Info.plist;
				LD_RUNPATH_SEARCH_PATHS = "$(inherited) @executable_path/Frameworks @loader_path/Frameworks";
				PRODUCT_BUNDLE_IDENTIFIER = com.baidu.bce.t5player.SingleViewSampleUITests;
				PRODUCT_NAME = "$(TARGET_NAME)";
				TEST_TARGET_NAME = SingleViewSample;
				USES_XCTRUNNER = YES;
			};
			name = Release;
		};
/* End XCBuildConfiguration section */

/* Begin XCConfigurationList section */
		02583A691C0BF6C700649671 /* Build configuration list for PBXProject "SingleViewSample" */ = {
			isa = XCConfigurationList;
			buildConfigurations = (
				02583A991C0BF6C700649671 /* Debug */,
				02583A9A1C0BF6C700649671 /* Release */,
			);
			defaultConfigurationIsVisible = 0;
			defaultConfigurationName = Release;
		};
		02583A9B1C0BF6C700649671 /* Build configuration list for PBXNativeTarget "SingleViewSample" */ = {
			isa = XCConfigurationList;
			buildConfigurations = (
				02583A9C1C0BF6C700649671 /* Debug */,
				02583A9D1C0BF6C700649671 /* Release */,
			);
			defaultConfigurationIsVisible = 0;
			defaultConfigurationName = Release;
		};
		02583A9E1C0BF6C700649671 /* Build configuration list for PBXNativeTarget "SingleViewSampleTests" */ = {
			isa = XCConfigurationList;
			buildConfigurations = (
				02583A9F1C0BF6C700649671 /* Debug */,
				02583AA01C0BF6C700649671 /* Release */,
			);
			defaultConfigurationIsVisible = 0;
			defaultConfigurationName = Release;
		};
		02583AA11C0BF6C700649671 /* Build configuration list for PBXNativeTarget "SingleViewSampleUITests" */ = {
			isa = XCConfigurationList;
			buildConfigurations = (
				02583AA21C0BF6C700649671 /* Debug */,
				02583AA31C0BF6C700649671 /* Release */,
			);
			defaultConfigurationIsVisible = 0;
			defaultConfigurationName = Release;
		};
/* End XCConfigurationList section */
	};
	rootObject = 02583A661C0BF6C700649671 /* Project object */;
}
